// !$*UTF8*$!
{
	archiveVersion = 1;
	classes = {
	};
	objectVersion = 56;
	objects = {

/* Begin PBXBuildFile section */
		2447AB6D1F4234CEBE07C3EE /* Pods_NewsApp_NewsAppUITests.framework in Frameworks */ = {isa = PBXBuildFile; fileRef = C6C115D4D576A02F8BA2F97C /* Pods_NewsApp_NewsAppUITests.framework */; };
		46FB0EF92A9CA5E300A09B69 /* AppDelegate.swift in Sources */ = {isa = PBXBuildFile; fileRef = 46FB0EF82A9CA5E300A09B69 /* AppDelegate.swift */; };
		46FB0EFB2A9CA5E300A09B69 /* SceneDelegate.swift in Sources */ = {isa = PBXBuildFile; fileRef = 46FB0EFA2A9CA5E300A09B69 /* SceneDelegate.swift */; };
		46FB0EFD2A9CA5E300A09B69 /* NewsListViewController.swift in Sources */ = {isa = PBXBuildFile; fileRef = 46FB0EFC2A9CA5E300A09B69 /* NewsListViewController.swift */; };
		46FB0F022A9CA5E400A09B69 /* Assets.xcassets in Resources */ = {isa = PBXBuildFile; fileRef = 46FB0F012A9CA5E400A09B69 /* Assets.xcassets */; };
		46FB0F052A9CA5E400A09B69 /* LaunchScreen.storyboard in Resources */ = {isa = PBXBuildFile; fileRef = 46FB0F032A9CA5E400A09B69 /* LaunchScreen.storyboard */; };
		46FB0F102A9CA5E400A09B69 /* NewsAppTests.swift in Sources */ = {isa = PBXBuildFile; fileRef = 46FB0F0F2A9CA5E400A09B69 /* NewsAppTests.swift */; };
		46FB0F1A2A9CA5E400A09B69 /* NewsAppUITests.swift in Sources */ = {isa = PBXBuildFile; fileRef = 46FB0F192A9CA5E400A09B69 /* NewsAppUITests.swift */; };
		46FB0F1C2A9CA5E400A09B69 /* NewsAppUITestsLaunchTests.swift in Sources */ = {isa = PBXBuildFile; fileRef = 46FB0F1B2A9CA5E400A09B69 /* NewsAppUITestsLaunchTests.swift */; };
		46FB0F2A2A9CA62200A09B69 /* SnapKit in Frameworks */ = {isa = PBXBuildFile; productRef = 46FB0F292A9CA62200A09B69 /* SnapKit */; };
		46FB0F2D2A9CA63D00A09B69 /* Alamofire in Frameworks */ = {isa = PBXBuildFile; productRef = 46FB0F2C2A9CA63D00A09B69 /* Alamofire */; };
		46FB0F2F2A9CA91200A09B69 /* NewsListPresenter.swift in Sources */ = {isa = PBXBuildFile; fileRef = 46FB0F2E2A9CA91200A09B69 /* NewsListPresenter.swift */; };
		46FB0F322A9CAD6500A09B69 /* NewsListTableViewCell.swift in Sources */ = {isa = PBXBuildFile; fileRef = 46FB0F312A9CAD6500A09B69 /* NewsListTableViewCell.swift */; };
		46FB0F342A9CC40F00A09B69 /* NewsListTableViewHeaderView.swift in Sources */ = {isa = PBXBuildFile; fileRef = 46FB0F332A9CC40F00A09B69 /* NewsListTableViewHeaderView.swift */; };
		46FB0F372A9CF39900A09B69 /* NewsWebViewController.swift in Sources */ = {isa = PBXBuildFile; fileRef = 46FB0F362A9CF39900A09B69 /* NewsWebViewController.swift */; };
		46FB0F3A2A9D015000A09B69 /* NewsRequestModel.swift in Sources */ = {isa = PBXBuildFile; fileRef = 46FB0F392A9D015000A09B69 /* NewsRequestModel.swift */; };
		46FB0F3C2A9D015900A09B69 /* NewsResponseModel.swift in Sources */ = {isa = PBXBuildFile; fileRef = 46FB0F3B2A9D015900A09B69 /* NewsResponseModel.swift */; };
		46FB0F3F2A9D024E00A09B69 /* NewsSearchManager.swift in Sources */ = {isa = PBXBuildFile; fileRef = 46FB0F3E2A9D024E00A09B69 /* NewsSearchManager.swift */; };
		46FB0F412A9D9A2600A09B69 /* String+.swift in Sources */ = {isa = PBXBuildFile; fileRef = 46FB0F402A9D9A2600A09B69 /* String+.swift */; };
		54F00EF8C54FFE3D53889026 /* Pods_NewsAppTests.framework in Frameworks */ = {isa = PBXBuildFile; fileRef = 820BA7D7B89B99204DE8ABE3 /* Pods_NewsAppTests.framework */; };
		F3B4B77A4C6B1476B3F82990 /* Pods_NewsApp.framework in Frameworks */ = {isa = PBXBuildFile; fileRef = 716E953A3781AC1C2D6CFEED /* Pods_NewsApp.framework */; };
/* End PBXBuildFile section */

/* Begin PBXContainerItemProxy section */
		46FB0F0C2A9CA5E400A09B69 /* PBXContainerItemProxy */ = {
			isa = PBXContainerItemProxy;
			containerPortal = 46FB0EED2A9CA5E300A09B69 /* Project object */;
			proxyType = 1;
			remoteGlobalIDString = 46FB0EF42A9CA5E300A09B69;
			remoteInfo = NewsApp;
		};
		46FB0F162A9CA5E400A09B69 /* PBXContainerItemProxy */ = {
			isa = PBXContainerItemProxy;
			containerPortal = 46FB0EED2A9CA5E300A09B69 /* Project object */;
			proxyType = 1;
			remoteGlobalIDString = 46FB0EF42A9CA5E300A09B69;
			remoteInfo = NewsApp;
		};
/* End PBXContainerItemProxy section */

/* Begin PBXFileReference section */
		28A4ABC8673F567D09169510 /* Pods-NewsApp.release.xcconfig */ = {isa = PBXFileReference; includeInIndex = 1; lastKnownFileType = text.xcconfig; name = "Pods-NewsApp.release.xcconfig"; path = "Target Support Files/Pods-NewsApp/Pods-NewsApp.release.xcconfig"; sourceTree = "<group>"; };
		46FB0EF52A9CA5E300A09B69 /* NewsApp.app */ = {isa = PBXFileReference; explicitFileType = wrapper.application; includeInIndex = 0; path = NewsApp.app; sourceTree = BUILT_PRODUCTS_DIR; };
		46FB0EF82A9CA5E300A09B69 /* AppDelegate.swift */ = {isa = PBXFileReference; lastKnownFileType = sourcecode.swift; path = AppDelegate.swift; sourceTree = "<group>"; };
		46FB0EFA2A9CA5E300A09B69 /* SceneDelegate.swift */ = {isa = PBXFileReference; lastKnownFileType = sourcecode.swift; path = SceneDelegate.swift; sourceTree = "<group>"; };
		46FB0EFC2A9CA5E300A09B69 /* NewsListViewController.swift */ = {isa = PBXFileReference; lastKnownFileType = sourcecode.swift; path = NewsListViewController.swift; sourceTree = "<group>"; };
		46FB0F012A9CA5E400A09B69 /* Assets.xcassets */ = {isa = PBXFileReference; lastKnownFileType = folder.assetcatalog; path = Assets.xcassets; sourceTree = "<group>"; };
		46FB0F042A9CA5E400A09B69 /* Base */ = {isa = PBXFileReference; lastKnownFileType = file.storyboard; name = Base; path = Base.lproj/LaunchScreen.storyboard; sourceTree = "<group>"; };
		46FB0F062A9CA5E400A09B69 /* Info.plist */ = {isa = PBXFileReference; lastKnownFileType = text.plist.xml; path = Info.plist; sourceTree = "<group>"; };
		46FB0F0B2A9CA5E400A09B69 /* NewsAppTests.xctest */ = {isa = PBXFileReference; explicitFileType = wrapper.cfbundle; includeInIndex = 0; path = NewsAppTests.xctest; sourceTree = BUILT_PRODUCTS_DIR; };
		46FB0F0F2A9CA5E400A09B69 /* NewsAppTests.swift */ = {isa = PBXFileReference; lastKnownFileType = sourcecode.swift; path = NewsAppTests.swift; sourceTree = "<group>"; };
		46FB0F152A9CA5E400A09B69 /* NewsAppUITests.xctest */ = {isa = PBXFileReference; explicitFileType = wrapper.cfbundle; includeInIndex = 0; path = NewsAppUITests.xctest; sourceTree = BUILT_PRODUCTS_DIR; };
		46FB0F192A9CA5E400A09B69 /* NewsAppUITests.swift */ = {isa = PBXFileReference; lastKnownFileType = sourcecode.swift; path = NewsAppUITests.swift; sourceTree = "<group>"; };
		46FB0F1B2A9CA5E400A09B69 /* NewsAppUITestsLaunchTests.swift */ = {isa = PBXFileReference; lastKnownFileType = sourcecode.swift; path = NewsAppUITestsLaunchTests.swift; sourceTree = "<group>"; };
		46FB0F2E2A9CA91200A09B69 /* NewsListPresenter.swift */ = {isa = PBXFileReference; lastKnownFileType = sourcecode.swift; path = NewsListPresenter.swift; sourceTree = "<group>"; };
		46FB0F312A9CAD6500A09B69 /* NewsListTableViewCell.swift */ = {isa = PBXFileReference; lastKnownFileType = sourcecode.swift; path = NewsListTableViewCell.swift; sourceTree = "<group>"; };
		46FB0F332A9CC40F00A09B69 /* NewsListTableViewHeaderView.swift */ = {isa = PBXFileReference; lastKnownFileType = sourcecode.swift; path = NewsListTableViewHeaderView.swift; sourceTree = "<group>"; };
		46FB0F362A9CF39900A09B69 /* NewsWebViewController.swift */ = {isa = PBXFileReference; lastKnownFileType = sourcecode.swift; path = NewsWebViewController.swift; sourceTree = "<group>"; };
		46FB0F392A9D015000A09B69 /* NewsRequestModel.swift */ = {isa = PBXFileReference; lastKnownFileType = sourcecode.swift; path = NewsRequestModel.swift; sourceTree = "<group>"; };
		46FB0F3B2A9D015900A09B69 /* NewsResponseModel.swift */ = {isa = PBXFileReference; lastKnownFileType = sourcecode.swift; path = NewsResponseModel.swift; sourceTree = "<group>"; };
		46FB0F3E2A9D024E00A09B69 /* NewsSearchManager.swift */ = {isa = PBXFileReference; lastKnownFileType = sourcecode.swift; path = NewsSearchManager.swift; sourceTree = "<group>"; };
		46FB0F402A9D9A2600A09B69 /* String+.swift */ = {isa = PBXFileReference; lastKnownFileType = sourcecode.swift; path = "String+.swift"; sourceTree = "<group>"; };
		4CBF4506CE86F7B9D714F98D /* Pods-NewsApp.debug.xcconfig */ = {isa = PBXFileReference; includeInIndex = 1; lastKnownFileType = text.xcconfig; name = "Pods-NewsApp.debug.xcconfig"; path = "Target Support Files/Pods-NewsApp/Pods-NewsApp.debug.xcconfig"; sourceTree = "<group>"; };
		52E3DAE9886662A99E2E29A1 /* Pods-NewsAppTests.debug.xcconfig */ = {isa = PBXFileReference; includeInIndex = 1; lastKnownFileType = text.xcconfig; name = "Pods-NewsAppTests.debug.xcconfig"; path = "Target Support Files/Pods-NewsAppTests/Pods-NewsAppTests.debug.xcconfig"; sourceTree = "<group>"; };
		716E953A3781AC1C2D6CFEED /* Pods_NewsApp.framework */ = {isa = PBXFileReference; explicitFileType = wrapper.framework; includeInIndex = 0; path = Pods_NewsApp.framework; sourceTree = BUILT_PRODUCTS_DIR; };
		7AA3EF6CCD3FCF57088E5F7F /* Pods-NewsApp-NewsAppUITests.debug.xcconfig */ = {isa = PBXFileReference; includeInIndex = 1; lastKnownFileType = text.xcconfig; name = "Pods-NewsApp-NewsAppUITests.debug.xcconfig"; path = "Target Support Files/Pods-NewsApp-NewsAppUITests/Pods-NewsApp-NewsAppUITests.debug.xcconfig"; sourceTree = "<group>"; };
		820BA7D7B89B99204DE8ABE3 /* Pods_NewsAppTests.framework */ = {isa = PBXFileReference; explicitFileType = wrapper.framework; includeInIndex = 0; path = Pods_NewsAppTests.framework; sourceTree = BUILT_PRODUCTS_DIR; };
		90CFC18BA92A46A7381E864C /* Pods-NewsAppTests.release.xcconfig */ = {isa = PBXFileReference; includeInIndex = 1; lastKnownFileType = text.xcconfig; name = "Pods-NewsAppTests.release.xcconfig"; path = "Target Support Files/Pods-NewsAppTests/Pods-NewsAppTests.release.xcconfig"; sourceTree = "<group>"; };
		9517BD0B375479D912054A38 /* Pods-NewsApp-NewsAppUITests.release.xcconfig */ = {isa = PBXFileReference; includeInIndex = 1; lastKnownFileType = text.xcconfig; name = "Pods-NewsApp-NewsAppUITests.release.xcconfig"; path = "Target Support Files/Pods-NewsApp-NewsAppUITests/Pods-NewsApp-NewsAppUITests.release.xcconfig"; sourceTree = "<group>"; };
		C6C115D4D576A02F8BA2F97C /* Pods_NewsApp_NewsAppUITests.framework */ = {isa = PBXFileReference; explicitFileType = wrapper.framework; includeInIndex = 0; path = Pods_NewsApp_NewsAppUITests.framework; sourceTree = BUILT_PRODUCTS_DIR; };
/* End PBXFileReference section */

/* Begin PBXFrameworksBuildPhase section */
		46FB0EF22A9CA5E300A09B69 /* Frameworks */ = {
			isa = PBXFrameworksBuildPhase;
			buildActionMask = 2147483647;
			files = (
				46FB0F2A2A9CA62200A09B69 /* SnapKit in Frameworks */,
				46FB0F2D2A9CA63D00A09B69 /* Alamofire in Frameworks */,
				F3B4B77A4C6B1476B3F82990 /* Pods_NewsApp.framework in Frameworks */,
			);
			runOnlyForDeploymentPostprocessing = 0;
		};
		46FB0F082A9CA5E400A09B69 /* Frameworks */ = {
			isa = PBXFrameworksBuildPhase;
			buildActionMask = 2147483647;
			files = (
				54F00EF8C54FFE3D53889026 /* Pods_NewsAppTests.framework in Frameworks */,
			);
			runOnlyForDeploymentPostprocessing = 0;
		};
		46FB0F122A9CA5E400A09B69 /* Frameworks */ = {
			isa = PBXFrameworksBuildPhase;
			buildActionMask = 2147483647;
			files = (
				2447AB6D1F4234CEBE07C3EE /* Pods_NewsApp_NewsAppUITests.framework in Frameworks */,
			);
			runOnlyForDeploymentPostprocessing = 0;
		};
/* End PBXFrameworksBuildPhase section */

/* Begin PBXGroup section */
		46FB0EEC2A9CA5E300A09B69 = {
			isa = PBXGroup;
			children = (
				46FB0EF72A9CA5E300A09B69 /* NewsApp */,
				46FB0F0E2A9CA5E400A09B69 /* NewsAppTests */,
				46FB0F182A9CA5E400A09B69 /* NewsAppUITests */,
				46FB0EF62A9CA5E300A09B69 /* Products */,
				8DF18B773ED63109FC643106 /* Pods */,
				FBE267752B1F76091BF18727 /* Frameworks */,
			);
			sourceTree = "<group>";
		};
		46FB0EF62A9CA5E300A09B69 /* Products */ = {
			isa = PBXGroup;
			children = (
				46FB0EF52A9CA5E300A09B69 /* NewsApp.app */,
				46FB0F0B2A9CA5E400A09B69 /* NewsAppTests.xctest */,
				46FB0F152A9CA5E400A09B69 /* NewsAppUITests.xctest */,
			);
			name = Products;
			sourceTree = "<group>";
		};
		46FB0EF72A9CA5E300A09B69 /* NewsApp */ = {
			isa = PBXGroup;
			children = (
				46FB0F3D2A9D016200A09B69 /* Models */,
				46FB0EF82A9CA5E300A09B69 /* AppDelegate.swift */,
				46FB0EFA2A9CA5E300A09B69 /* SceneDelegate.swift */,
				46FB0F352A9CF37D00A09B69 /* Scenes */,
				46FB0F012A9CA5E400A09B69 /* Assets.xcassets */,
				46FB0F032A9CA5E400A09B69 /* LaunchScreen.storyboard */,
				46FB0F062A9CA5E400A09B69 /* Info.plist */,
				46FB0F402A9D9A2600A09B69 /* String+.swift */,
			);
			path = NewsApp;
			sourceTree = "<group>";
		};
		46FB0F0E2A9CA5E400A09B69 /* NewsAppTests */ = {
			isa = PBXGroup;
			children = (
				46FB0F0F2A9CA5E400A09B69 /* NewsAppTests.swift */,
			);
			path = NewsAppTests;
			sourceTree = "<group>";
		};
		46FB0F182A9CA5E400A09B69 /* NewsAppUITests */ = {
			isa = PBXGroup;
			children = (
				46FB0F192A9CA5E400A09B69 /* NewsAppUITests.swift */,
				46FB0F1B2A9CA5E400A09B69 /* NewsAppUITestsLaunchTests.swift */,
			);
			path = NewsAppUITests;
			sourceTree = "<group>";
		};
		46FB0F302A9CA91C00A09B69 /* NewsList */ = {
			isa = PBXGroup;
			children = (
				46FB0EFC2A9CA5E300A09B69 /* NewsListViewController.swift */,
				46FB0F2E2A9CA91200A09B69 /* NewsListPresenter.swift */,
				46FB0F312A9CAD6500A09B69 /* NewsListTableViewCell.swift */,
				46FB0F332A9CC40F00A09B69 /* NewsListTableViewHeaderView.swift */,
			);
			path = NewsList;
			sourceTree = "<group>";
		};
		46FB0F352A9CF37D00A09B69 /* Scenes */ = {
			isa = PBXGroup;
			children = (
				46FB0F302A9CA91C00A09B69 /* NewsList */,
				46FB0F382A9CF3AE00A09B69 /* NewsWebView */,
			);
			path = Scenes;
			sourceTree = "<group>";
		};
		46FB0F382A9CF3AE00A09B69 /* NewsWebView */ = {
			isa = PBXGroup;
			children = (
				46FB0F362A9CF39900A09B69 /* NewsWebViewController.swift */,
			);
			path = NewsWebView;
			sourceTree = "<group>";
		};
		46FB0F3D2A9D016200A09B69 /* Models */ = {
			isa = PBXGroup;
			children = (
				46FB0F392A9D015000A09B69 /* NewsRequestModel.swift */,
				46FB0F3B2A9D015900A09B69 /* NewsResponseModel.swift */,
				46FB0F3E2A9D024E00A09B69 /* NewsSearchManager.swift */,
			);
			path = Models;
			sourceTree = "<group>";
		};
		8DF18B773ED63109FC643106 /* Pods */ = {
			isa = PBXGroup;
			children = (
				4CBF4506CE86F7B9D714F98D /* Pods-NewsApp.debug.xcconfig */,
				28A4ABC8673F567D09169510 /* Pods-NewsApp.release.xcconfig */,
				7AA3EF6CCD3FCF57088E5F7F /* Pods-NewsApp-NewsAppUITests.debug.xcconfig */,
				9517BD0B375479D912054A38 /* Pods-NewsApp-NewsAppUITests.release.xcconfig */,
				52E3DAE9886662A99E2E29A1 /* Pods-NewsAppTests.debug.xcconfig */,
				90CFC18BA92A46A7381E864C /* Pods-NewsAppTests.release.xcconfig */,
			);
			path = Pods;
			sourceTree = "<group>";
		};
		FBE267752B1F76091BF18727 /* Frameworks */ = {
			isa = PBXGroup;
			children = (
				716E953A3781AC1C2D6CFEED /* Pods_NewsApp.framework */,
				C6C115D4D576A02F8BA2F97C /* Pods_NewsApp_NewsAppUITests.framework */,
				820BA7D7B89B99204DE8ABE3 /* Pods_NewsAppTests.framework */,
			);
			name = Frameworks;
			sourceTree = "<group>";
		};
/* End PBXGroup section */

/* Begin PBXNativeTarget section */
		46FB0EF42A9CA5E300A09B69 /* NewsApp */ = {
			isa = PBXNativeTarget;
			buildConfigurationList = 46FB0F1F2A9CA5E400A09B69 /* Build configuration list for PBXNativeTarget "NewsApp" */;
			buildPhases = (
				C0E768EF1D0FBED2E07CE2AB /* [CP] Check Pods Manifest.lock */,
				46FB0EF12A9CA5E300A09B69 /* Sources */,
				46FB0EF22A9CA5E300A09B69 /* Frameworks */,
				46FB0EF32A9CA5E300A09B69 /* Resources */,
				E21EAA200916952306863323 /* [CP] Embed Pods Frameworks */,
			);
			buildRules = (
			);
			dependencies = (
			);
			name = NewsApp;
			packageProductDependencies = (
				46FB0F292A9CA62200A09B69 /* SnapKit */,
				46FB0F2C2A9CA63D00A09B69 /* Alamofire */,
			);
			productName = NewsApp;
			productReference = 46FB0EF52A9CA5E300A09B69 /* NewsApp.app */;
			productType = "com.apple.product-type.application";
		};
		46FB0F0A2A9CA5E400A09B69 /* NewsAppTests */ = {
			isa = PBXNativeTarget;
			buildConfigurationList = 46FB0F222A9CA5E400A09B69 /* Build configuration list for PBXNativeTarget "NewsAppTests" */;
			buildPhases = (
				494860FF8100D9F879074F46 /* [CP] Check Pods Manifest.lock */,
				46FB0F072A9CA5E400A09B69 /* Sources */,
				46FB0F082A9CA5E400A09B69 /* Frameworks */,
				46FB0F092A9CA5E400A09B69 /* Resources */,
			);
			buildRules = (
			);
			dependencies = (
				46FB0F0D2A9CA5E400A09B69 /* PBXTargetDependency */,
			);
			name = NewsAppTests;
			productName = NewsAppTests;
			productReference = 46FB0F0B2A9CA5E400A09B69 /* NewsAppTests.xctest */;
			productType = "com.apple.product-type.bundle.unit-test";
		};
		46FB0F142A9CA5E400A09B69 /* NewsAppUITests */ = {
			isa = PBXNativeTarget;
			buildConfigurationList = 46FB0F252A9CA5E400A09B69 /* Build configuration list for PBXNativeTarget "NewsAppUITests" */;
			buildPhases = (
				56298E59FFB2222958AC6E22 /* [CP] Check Pods Manifest.lock */,
				46FB0F112A9CA5E400A09B69 /* Sources */,
				46FB0F122A9CA5E400A09B69 /* Frameworks */,
				46FB0F132A9CA5E400A09B69 /* Resources */,
				1F963CB2D2C04DB29DC624E6 /* [CP] Embed Pods Frameworks */,
			);
			buildRules = (
			);
			dependencies = (
				46FB0F172A9CA5E400A09B69 /* PBXTargetDependency */,
			);
			name = NewsAppUITests;
			productName = NewsAppUITests;
			productReference = 46FB0F152A9CA5E400A09B69 /* NewsAppUITests.xctest */;
			productType = "com.apple.product-type.bundle.ui-testing";
		};
/* End PBXNativeTarget section */

/* Begin PBXProject section */
		46FB0EED2A9CA5E300A09B69 /* Project object */ = {
			isa = PBXProject;
			attributes = {
				BuildIndependentTargetsInParallel = 1;
				LastSwiftUpdateCheck = 1430;
				LastUpgradeCheck = 1430;
				TargetAttributes = {
					46FB0EF42A9CA5E300A09B69 = {
						CreatedOnToolsVersion = 14.3.1;
					};
					46FB0F0A2A9CA5E400A09B69 = {
						CreatedOnToolsVersion = 14.3.1;
						TestTargetID = 46FB0EF42A9CA5E300A09B69;
					};
					46FB0F142A9CA5E400A09B69 = {
						CreatedOnToolsVersion = 14.3.1;
						TestTargetID = 46FB0EF42A9CA5E300A09B69;
					};
				};
			};
			buildConfigurationList = 46FB0EF02A9CA5E300A09B69 /* Build configuration list for PBXProject "NewsApp" */;
			compatibilityVersion = "Xcode 14.0";
			developmentRegion = en;
			hasScannedForEncodings = 0;
			knownRegions = (
				en,
				Base,
			);
			mainGroup = 46FB0EEC2A9CA5E300A09B69;
			packageReferences = (
				46FB0F282A9CA62200A09B69 /* XCRemoteSwiftPackageReference "SnapKit" */,
				46FB0F2B2A9CA63D00A09B69 /* XCRemoteSwiftPackageReference "Alamofire" */,
			);
			productRefGroup = 46FB0EF62A9CA5E300A09B69 /* Products */;
			projectDirPath = "";
			projectRoot = "";
			targets = (
				46FB0EF42A9CA5E300A09B69 /* NewsApp */,
				46FB0F0A2A9CA5E400A09B69 /* NewsAppTests */,
				46FB0F142A9CA5E400A09B69 /* NewsAppUITests */,
			);
		};
/* End PBXProject section */

/* Begin PBXResourcesBuildPhase section */
		46FB0EF32A9CA5E300A09B69 /* Resources */ = {
			isa = PBXResourcesBuildPhase;
			buildActionMask = 2147483647;
			files = (
				46FB0F052A9CA5E400A09B69 /* LaunchScreen.storyboard in Resources */,
				46FB0F022A9CA5E400A09B69 /* Assets.xcassets in Resources */,
			);
			runOnlyForDeploymentPostprocessing = 0;
		};
		46FB0F092A9CA5E400A09B69 /* Resources */ = {
			isa = PBXResourcesBuildPhase;
			buildActionMask = 2147483647;
			files = (
			);
			runOnlyForDeploymentPostprocessing = 0;
		};
		46FB0F132A9CA5E400A09B69 /* Resources */ = {
			isa = PBXResourcesBuildPhase;
			buildActionMask = 2147483647;
			files = (
			);
			runOnlyForDeploymentPostprocessing = 0;
		};
/* End PBXResourcesBuildPhase section */

/* Begin PBXShellScriptBuildPhase section */
		1F963CB2D2C04DB29DC624E6 /* [CP] Embed Pods Frameworks */ = {
			isa = PBXShellScriptBuildPhase;
			buildActionMask = 2147483647;
			files = (
			);
			inputFileListPaths = (
				"${PODS_ROOT}/Target Support Files/Pods-NewsApp-NewsAppUITests/Pods-NewsApp-NewsAppUITests-frameworks-${CONFIGURATION}-input-files.xcfilelist",
			);
			name = "[CP] Embed Pods Frameworks";
			outputFileListPaths = (
				"${PODS_ROOT}/Target Support Files/Pods-NewsApp-NewsAppUITests/Pods-NewsApp-NewsAppUITests-frameworks-${CONFIGURATION}-output-files.xcfilelist",
			);
			runOnlyForDeploymentPostprocessing = 0;
			shellPath = /bin/sh;
			shellScript = "\"${PODS_ROOT}/Target Support Files/Pods-NewsApp-NewsAppUITests/Pods-NewsApp-NewsAppUITests-frameworks.sh\"\n";
			showEnvVarsInLog = 0;
		};
		494860FF8100D9F879074F46 /* [CP] Check Pods Manifest.lock */ = {
			isa = PBXShellScriptBuildPhase;
			buildActionMask = 2147483647;
			files = (
			);
			inputFileListPaths = (
			);
			inputPaths = (
				"${PODS_PODFILE_DIR_PATH}/Podfile.lock",
				"${PODS_ROOT}/Manifest.lock",
			);
			name = "[CP] Check Pods Manifest.lock";
			outputFileListPaths = (
			);
			outputPaths = (
				"$(DERIVED_FILE_DIR)/Pods-NewsAppTests-checkManifestLockResult.txt",
			);
			runOnlyForDeploymentPostprocessing = 0;
			shellPath = /bin/sh;
			shellScript = "diff \"${PODS_PODFILE_DIR_PATH}/Podfile.lock\" \"${PODS_ROOT}/Manifest.lock\" > /dev/null\nif [ $? != 0 ] ; then\n    # print error to STDERR\n    echo \"error: The sandbox is not in sync with the Podfile.lock. Run 'pod install' or update your CocoaPods installation.\" >&2\n    exit 1\nfi\n# This output is used by Xcode 'outputs' to avoid re-running this script phase.\necho \"SUCCESS\" > \"${SCRIPT_OUTPUT_FILE_0}\"\n";
			showEnvVarsInLog = 0;
		};
		56298E59FFB2222958AC6E22 /* [CP] Check Pods Manifest.lock */ = {
			isa = PBXShellScriptBuildPhase;
			buildActionMask = 2147483647;
			files = (
			);
			inputFileListPaths = (
			);
			inputPaths = (
				"${PODS_PODFILE_DIR_PATH}/Podfile.lock",
				"${PODS_ROOT}/Manifest.lock",
			);
			name = "[CP] Check Pods Manifest.lock";
			outputFileListPaths = (
			);
			outputPaths = (
				"$(DERIVED_FILE_DIR)/Pods-NewsApp-NewsAppUITests-checkManifestLockResult.txt",
			);
			runOnlyForDeploymentPostprocessing = 0;
			shellPath = /bin/sh;
			shellScript = "diff \"${PODS_PODFILE_DIR_PATH}/Podfile.lock\" \"${PODS_ROOT}/Manifest.lock\" > /dev/null\nif [ $? != 0 ] ; then\n    # print error to STDERR\n    echo \"error: The sandbox is not in sync with the Podfile.lock. Run 'pod install' or update your CocoaPods installation.\" >&2\n    exit 1\nfi\n# This output is used by Xcode 'outputs' to avoid re-running this script phase.\necho \"SUCCESS\" > \"${SCRIPT_OUTPUT_FILE_0}\"\n";
			showEnvVarsInLog = 0;
		};
		C0E768EF1D0FBED2E07CE2AB /* [CP] Check Pods Manifest.lock */ = {
			isa = PBXShellScriptBuildPhase;
			buildActionMask = 2147483647;
			files = (
			);
			inputFileListPaths = (
			);
			inputPaths = (
				"${PODS_PODFILE_DIR_PATH}/Podfile.lock",
				"${PODS_ROOT}/Manifest.lock",
			);
			name = "[CP] Check Pods Manifest.lock";
			outputFileListPaths = (
			);
			outputPaths = (
				"$(DERIVED_FILE_DIR)/Pods-NewsApp-checkManifestLockResult.txt",
			);
			runOnlyForDeploymentPostprocessing = 0;
			shellPath = /bin/sh;
			shellScript = "diff \"${PODS_PODFILE_DIR_PATH}/Podfile.lock\" \"${PODS_ROOT}/Manifest.lock\" > /dev/null\nif [ $? != 0 ] ; then\n    # print error to STDERR\n    echo \"error: The sandbox is not in sync with the Podfile.lock. Run 'pod install' or update your CocoaPods installation.\" >&2\n    exit 1\nfi\n# This output is used by Xcode 'outputs' to avoid re-running this script phase.\necho \"SUCCESS\" > \"${SCRIPT_OUTPUT_FILE_0}\"\n";
			showEnvVarsInLog = 0;
		};
		E21EAA200916952306863323 /* [CP] Embed Pods Frameworks */ = {
			isa = PBXShellScriptBuildPhase;
			buildActionMask = 2147483647;
			files = (
			);
			inputFileListPaths = (
				"${PODS_ROOT}/Target Support Files/Pods-NewsApp/Pods-NewsApp-frameworks-${CONFIGURATION}-input-files.xcfilelist",
			);
			name = "[CP] Embed Pods Frameworks";
			outputFileListPaths = (
				"${PODS_ROOT}/Target Support Files/Pods-NewsApp/Pods-NewsApp-frameworks-${CONFIGURATION}-output-files.xcfilelist",
			);
			runOnlyForDeploymentPostprocessing = 0;
			shellPath = /bin/sh;
			shellScript = "\"${PODS_ROOT}/Target Support Files/Pods-NewsApp/Pods-NewsApp-frameworks.sh\"\n";
			showEnvVarsInLog = 0;
		};
/* End PBXShellScriptBuildPhase section */

/* Begin PBXSourcesBuildPhase section */
		46FB0EF12A9CA5E300A09B69 /* Sources */ = {
			isa = PBXSourcesBuildPhase;
			buildActionMask = 2147483647;
			files = (
				46FB0F3A2A9D015000A09B69 /* NewsRequestModel.swift in Sources */,
				46FB0EFD2A9CA5E300A09B69 /* NewsListViewController.swift in Sources */,
				46FB0F322A9CAD6500A09B69 /* NewsListTableViewCell.swift in Sources */,
				46FB0F342A9CC40F00A09B69 /* NewsListTableViewHeaderView.swift in Sources */,
				46FB0F3F2A9D024E00A09B69 /* NewsSearchManager.swift in Sources */,
				46FB0F3C2A9D015900A09B69 /* NewsResponseModel.swift in Sources */,
				46FB0EF92A9CA5E300A09B69 /* AppDelegate.swift in Sources */,
				46FB0F412A9D9A2600A09B69 /* String+.swift in Sources */,
				46FB0F372A9CF39900A09B69 /* NewsWebViewController.swift in Sources */,
				46FB0EFB2A9CA5E300A09B69 /* SceneDelegate.swift in Sources */,
				46FB0F2F2A9CA91200A09B69 /* NewsListPresenter.swift in Sources */,
			);
			runOnlyForDeploymentPostprocessing = 0;
		};
		46FB0F072A9CA5E400A09B69 /* Sources */ = {
			isa = PBXSourcesBuildPhase;
			buildActionMask = 2147483647;
			files = (
				46FB0F102A9CA5E400A09B69 /* NewsAppTests.swift in Sources */,
			);
			runOnlyForDeploymentPostprocessing = 0;
		};
		46FB0F112A9CA5E400A09B69 /* Sources */ = {
			isa = PBXSourcesBuildPhase;
			buildActionMask = 2147483647;
			files = (
				46FB0F1A2A9CA5E400A09B69 /* NewsAppUITests.swift in Sources */,
				46FB0F1C2A9CA5E400A09B69 /* NewsAppUITestsLaunchTests.swift in Sources */,
			);
			runOnlyForDeploymentPostprocessing = 0;
		};
/* End PBXSourcesBuildPhase section */

/* Begin PBXTargetDependency section */
		46FB0F0D2A9CA5E400A09B69 /* PBXTargetDependency */ = {
			isa = PBXTargetDependency;
			target = 46FB0EF42A9CA5E300A09B69 /* NewsApp */;
			targetProxy = 46FB0F0C2A9CA5E400A09B69 /* PBXContainerItemProxy */;
		};
		46FB0F172A9CA5E400A09B69 /* PBXTargetDependency */ = {
			isa = PBXTargetDependency;
			target = 46FB0EF42A9CA5E300A09B69 /* NewsApp */;
			targetProxy = 46FB0F162A9CA5E400A09B69 /* PBXContainerItemProxy */;
		};
/* End PBXTargetDependency section */

/* Begin PBXVariantGroup section */
		46FB0F032A9CA5E400A09B69 /* LaunchScreen.storyboard */ = {
			isa = PBXVariantGroup;
			children = (
				46FB0F042A9CA5E400A09B69 /* Base */,
			);
			name = LaunchScreen.storyboard;
			sourceTree = "<group>";
		};
/* End PBXVariantGroup section */

/* Begin XCBuildConfiguration section */
		46FB0F1D2A9CA5E400A09B69 /* Debug */ = {
			isa = XCBuildConfiguration;
			buildSettings = {
				ALWAYS_SEARCH_USER_PATHS = NO;
				CLANG_ANALYZER_NONNULL = YES;
				CLANG_ANALYZER_NUMBER_OBJECT_CONVERSION = YES_AGGRESSIVE;
				CLANG_CXX_LANGUAGE_STANDARD = "gnu++20";
				CLANG_ENABLE_MODULES = YES;
				CLANG_ENABLE_OBJC_ARC = YES;
				CLANG_ENABLE_OBJC_WEAK = YES;
				CLANG_WARN_BLOCK_CAPTURE_AUTORELEASING = YES;
				CLANG_WARN_BOOL_CONVERSION = YES;
				CLANG_WARN_COMMA = YES;
				CLANG_WARN_CONSTANT_CONVERSION = YES;
				CLANG_WARN_DEPRECATED_OBJC_IMPLEMENTATIONS = YES;
				CLANG_WARN_DIRECT_OBJC_ISA_USAGE = YES_ERROR;
				CLANG_WARN_DOCUMENTATION_COMMENTS = YES;
				CLANG_WARN_EMPTY_BODY = YES;
				CLANG_WARN_ENUM_CONVERSION = YES;
				CLANG_WARN_INFINITE_RECURSION = YES;
				CLANG_WARN_INT_CONVERSION = YES;
				CLANG_WARN_NON_LITERAL_NULL_CONVERSION = YES;
				CLANG_WARN_OBJC_IMPLICIT_RETAIN_SELF = YES;
				CLANG_WARN_OBJC_LITERAL_CONVERSION = YES;
				CLANG_WARN_OBJC_ROOT_CLASS = YES_ERROR;
				CLANG_WARN_QUOTED_INCLUDE_IN_FRAMEWORK_HEADER = YES;
				CLANG_WARN_RANGE_LOOP_ANALYSIS = YES;
				CLANG_WARN_STRICT_PROTOTYPES = YES;
				CLANG_WARN_SUSPICIOUS_MOVE = YES;
				CLANG_WARN_UNGUARDED_AVAILABILITY = YES_AGGRESSIVE;
				CLANG_WARN_UNREACHABLE_CODE = YES;
				CLANG_WARN__DUPLICATE_METHOD_MATCH = YES;
				COPY_PHASE_STRIP = NO;
				DEBUG_INFORMATION_FORMAT = dwarf;
				ENABLE_STRICT_OBJC_MSGSEND = YES;
				ENABLE_TESTABILITY = YES;
				GCC_C_LANGUAGE_STANDARD = gnu11;
				GCC_DYNAMIC_NO_PIC = NO;
				GCC_NO_COMMON_BLOCKS = YES;
				GCC_OPTIMIZATION_LEVEL = 0;
				GCC_PREPROCESSOR_DEFINITIONS = (
					"DEBUG=1",
					"$(inherited)",
				);
				GCC_WARN_64_TO_32_BIT_CONVERSION = YES;
				GCC_WARN_ABOUT_RETURN_TYPE = YES_ERROR;
				GCC_WARN_UNDECLARED_SELECTOR = YES;
				GCC_WARN_UNINITIALIZED_AUTOS = YES_AGGRESSIVE;
				GCC_WARN_UNUSED_FUNCTION = YES;
				GCC_WARN_UNUSED_VARIABLE = YES;
				IPHONEOS_DEPLOYMENT_TARGET = 14.1;
				MTL_ENABLE_DEBUG_INFO = INCLUDE_SOURCE;
				MTL_FAST_MATH = YES;
				ONLY_ACTIVE_ARCH = YES;
				SDKROOT = iphoneos;
				SWIFT_ACTIVE_COMPILATION_CONDITIONS = DEBUG;
				SWIFT_OPTIMIZATION_LEVEL = "-Onone";
			};
			name = Debug;
		};
		46FB0F1E2A9CA5E400A09B69 /* Release */ = {
			isa = XCBuildConfiguration;
			buildSettings = {
				ALWAYS_SEARCH_USER_PATHS = NO;
				CLANG_ANALYZER_NONNULL = YES;
				CLANG_ANALYZER_NUMBER_OBJECT_CONVERSION = YES_AGGRESSIVE;
				CLANG_CXX_LANGUAGE_STANDARD = "gnu++20";
				CLANG_ENABLE_MODULES = YES;
				CLANG_ENABLE_OBJC_ARC = YES;
				CLANG_ENABLE_OBJC_WEAK = YES;
				CLANG_WARN_BLOCK_CAPTURE_AUTORELEASING = YES;
				CLANG_WARN_BOOL_CONVERSION = YES;
				CLANG_WARN_COMMA = YES;
				CLANG_WARN_CONSTANT_CONVERSION = YES;
				CLANG_WARN_DEPRECATED_OBJC_IMPLEMENTATIONS = YES;
				CLANG_WARN_DIRECT_OBJC_ISA_USAGE = YES_ERROR;
				CLANG_WARN_DOCUMENTATION_COMMENTS = YES;
				CLANG_WARN_EMPTY_BODY = YES;
				CLANG_WARN_ENUM_CONVERSION = YES;
				CLANG_WARN_INFINITE_RECURSION = YES;
				CLANG_WARN_INT_CONVERSION = YES;
				CLANG_WARN_NON_LITERAL_NULL_CONVERSION = YES;
				CLANG_WARN_OBJC_IMPLICIT_RETAIN_SELF = YES;
				CLANG_WARN_OBJC_LITERAL_CONVERSION = YES;
				CLANG_WARN_OBJC_ROOT_CLASS = YES_ERROR;
				CLANG_WARN_QUOTED_INCLUDE_IN_FRAMEWORK_HEADER = YES;
				CLANG_WARN_RANGE_LOOP_ANALYSIS = YES;
				CLANG_WARN_STRICT_PROTOTYPES = YES;
				CLANG_WARN_SUSPICIOUS_MOVE = YES;
				CLANG_WARN_UNGUARDED_AVAILABILITY = YES_AGGRESSIVE;
				CLANG_WARN_UNREACHABLE_CODE = YES;
				CLANG_WARN__DUPLICATE_METHOD_MATCH = YES;
				COPY_PHASE_STRIP = NO;
				DEBUG_INFORMATION_FORMAT = "dwarf-with-dsym";
				ENABLE_NS_ASSERTIONS = NO;
				ENABLE_STRICT_OBJC_MSGSEND = YES;
				GCC_C_LANGUAGE_STANDARD = gnu11;
				GCC_NO_COMMON_BLOCKS = YES;
				GCC_WARN_64_TO_32_BIT_CONVERSION = YES;
				GCC_WARN_ABOUT_RETURN_TYPE = YES_ERROR;
				GCC_WARN_UNDECLARED_SELECTOR = YES;
				GCC_WARN_UNINITIALIZED_AUTOS = YES_AGGRESSIVE;
				GCC_WARN_UNUSED_FUNCTION = YES;
				GCC_WARN_UNUSED_VARIABLE = YES;
				IPHONEOS_DEPLOYMENT_TARGET = 14.1;
				MTL_ENABLE_DEBUG_INFO = NO;
				MTL_FAST_MATH = YES;
				SDKROOT = iphoneos;
				SWIFT_COMPILATION_MODE = wholemodule;
				SWIFT_OPTIMIZATION_LEVEL = "-O";
				VALIDATE_PRODUCT = YES;
			};
			name = Release;
		};
		46FB0F202A9CA5E400A09B69 /* Debug */ = {
			isa = XCBuildConfiguration;
			baseConfigurationReference = 4CBF4506CE86F7B9D714F98D /* Pods-NewsApp.debug.xcconfig */;
			buildSettings = {
				ASSETCATALOG_COMPILER_APPICON_NAME = AppIcon;
				ASSETCATALOG_COMPILER_GLOBAL_ACCENT_COLOR_NAME = AccentColor;
				CODE_SIGN_STYLE = Automatic;
				CURRENT_PROJECT_VERSION = 1;
				DEVELOPMENT_TEAM = 7K76RWRQBL;
				GENERATE_INFOPLIST_FILE = YES;
				INFOPLIST_FILE = NewsApp/Info.plist;
				INFOPLIST_KEY_UIApplicationSupportsIndirectInputEvents = YES;
				INFOPLIST_KEY_UILaunchStoryboardName = LaunchScreen;
				INFOPLIST_KEY_UISupportedInterfaceOrientations_iPad = "UIInterfaceOrientationPortrait UIInterfaceOrientationPortraitUpsideDown UIInterfaceOrientationLandscapeLeft UIInterfaceOrientationLandscapeRight";
				INFOPLIST_KEY_UISupportedInterfaceOrientations_iPhone = "UIInterfaceOrientationPortrait UIInterfaceOrientationLandscapeLeft UIInterfaceOrientationLandscapeRight";
				IPHONEOS_DEPLOYMENT_TARGET = 14.1;
				LD_RUNPATH_SEARCH_PATHS = (
					"$(inherited)",
					"@executable_path/Frameworks",
				);
				MARKETING_VERSION = 1.0;
				PRODUCT_BUNDLE_IDENTIFIER = com.jaeHyeonLim9298.NewsApp;
				PRODUCT_NAME = "$(TARGET_NAME)";
				SWIFT_EMIT_LOC_STRINGS = YES;
				SWIFT_VERSION = 5.0;
				TARGETED_DEVICE_FAMILY = "1,2";
			};
			name = Debug;
		};
		46FB0F212A9CA5E400A09B69 /* Release */ = {
			isa = XCBuildConfiguration;
			baseConfigurationReference = 28A4ABC8673F567D09169510 /* Pods-NewsApp.release.xcconfig */;
			buildSettings = {
				ASSETCATALOG_COMPILER_APPICON_NAME = AppIcon;
				ASSETCATALOG_COMPILER_GLOBAL_ACCENT_COLOR_NAME = AccentColor;
				CODE_SIGN_STYLE = Automatic;
				CURRENT_PROJECT_VERSION = 1;
				DEVELOPMENT_TEAM = 7K76RWRQBL;
				GENERATE_INFOPLIST_FILE = YES;
				INFOPLIST_FILE = NewsApp/Info.plist;
				INFOPLIST_KEY_UIApplicationSupportsIndirectInputEvents = YES;
				INFOPLIST_KEY_UILaunchStoryboardName = LaunchScreen;
				INFOPLIST_KEY_UISupportedInterfaceOrientations_iPad = "UIInterfaceOrientationPortrait UIInterfaceOrientationPortraitUpsideDown UIInterfaceOrientationLandscapeLeft UIInterfaceOrientationLandscapeRight";
				INFOPLIST_KEY_UISupportedInterfaceOrientations_iPhone = "UIInterfaceOrientationPortrait UIInterfaceOrientationLandscapeLeft UIInterfaceOrientationLandscapeRight";
				IPHONEOS_DEPLOYMENT_TARGET = 14.1;
				LD_RUNPATH_SEARCH_PATHS = (
					"$(inherited)",
					"@executable_path/Frameworks",
				);
				MARKETING_VERSION = 1.0;
				PRODUCT_BUNDLE_IDENTIFIER = com.jaeHyeonLim9298.NewsApp;
				PRODUCT_NAME = "$(TARGET_NAME)";
				SWIFT_EMIT_LOC_STRINGS = YES;
				SWIFT_VERSION = 5.0;
				TARGETED_DEVICE_FAMILY = "1,2";
			};
			name = Release;
		};
		46FB0F232A9CA5E400A09B69 /* Debug */ = {
			isa = XCBuildConfiguration;
			baseConfigurationReference = 52E3DAE9886662A99E2E29A1 /* Pods-NewsAppTests.debug.xcconfig */;
			buildSettings = {
				ALWAYS_EMBED_SWIFT_STANDARD_LIBRARIES = YES;
				BUNDLE_LOADER = "$(TEST_HOST)";
				CODE_SIGN_STYLE = Automatic;
				CURRENT_PROJECT_VERSION = 1;
				DEVELOPMENT_TEAM = 7K76RWRQBL;
				GENERATE_INFOPLIST_FILE = YES;
				IPHONEOS_DEPLOYMENT_TARGET = 16.4;
				MARKETING_VERSION = 1.0;
				PRODUCT_BUNDLE_IDENTIFIER = com.jaeHyeonLim9298.NewsAppTests;
				PRODUCT_NAME = "$(TARGET_NAME)";
				SWIFT_EMIT_LOC_STRINGS = NO;
				SWIFT_VERSION = 5.0;
				TARGETED_DEVICE_FAMILY = "1,2";
				TEST_HOST = "$(BUILT_PRODUCTS_DIR)/NewsApp.app/$(BUNDLE_EXECUTABLE_FOLDER_PATH)/NewsApp";
			};
			name = Debug;
		};
		46FB0F242A9CA5E400A09B69 /* Release */ = {
			isa = XCBuildConfiguration;
			baseConfigurationReference = 90CFC18BA92A46A7381E864C /* Pods-NewsAppTests.release.xcconfig */;
			buildSettings = {
				ALWAYS_EMBED_SWIFT_STANDARD_LIBRARIES = YES;
				BUNDLE_LOADER = "$(TEST_HOST)";
				CODE_SIGN_STYLE = Automatic;
				CURRENT_PROJECT_VERSION = 1;
				DEVELOPMENT_TEAM = 7K76RWRQBL;
				GENERATE_INFOPLIST_FILE = YES;
				IPHONEOS_DEPLOYMENT_TARGET = 16.4;
				MARKETING_VERSION = 1.0;
				PRODUCT_BUNDLE_IDENTIFIER = com.jaeHyeonLim9298.NewsAppTests;
				PRODUCT_NAME = "$(TARGET_NAME)";
				SWIFT_EMIT_LOC_STRINGS = NO;
				SWIFT_VERSION = 5.0;
				TARGETED_DEVICE_FAMILY = "1,2";
				TEST_HOST = "$(BUILT_PRODUCTS_DIR)/NewsApp.app/$(BUNDLE_EXECUTABLE_FOLDER_PATH)/NewsApp";
			};
			name = Release;
		};
		46FB0F262A9CA5E400A09B69 /* Debug */ = {
			isa = XCBuildConfiguration;
			baseConfigurationReference = 7AA3EF6CCD3FCF57088E5F7F /* Pods-NewsApp-NewsAppUITests.debug.xcconfig */;
			buildSettings = {
				ALWAYS_EMBED_SWIFT_STANDARD_LIBRARIES = YES;
				CODE_SIGN_STYLE = Automatic;
				CURRENT_PROJECT_VERSION = 1;
				DEVELOPMENT_TEAM = 7K76RWRQBL;
				GENERATE_INFOPLIST_FILE = YES;
				MARKETING_VERSION = 1.0;
				PRODUCT_BUNDLE_IDENTIFIER = com.jaeHyeonLim9298.NewsAppUITests;
				PRODUCT_NAME = "$(TARGET_NAME)";
				SWIFT_EMIT_LOC_STRINGS = NO;
				SWIFT_VERSION = 5.0;
				TARGETED_DEVICE_FAMILY = "1,2";
				TEST_TARGET_NAME = NewsApp;
			};
			name = Debug;
		};
		46FB0F272A9CA5E400A09B69 /* Release */ = {
			isa = XCBuildConfiguration;
			baseConfigurationReference = 9517BD0B375479D912054A38 /* Pods-NewsApp-NewsAppUITests.release.xcconfig */;
			buildSettings = {
				ALWAYS_EMBED_SWIFT_STANDARD_LIBRARIES = YES;
				CODE_SIGN_STYLE = Automatic;
				CURRENT_PROJECT_VERSION = 1;
				DEVELOPMENT_TEAM = 7K76RWRQBL;
				GENERATE_INFOPLIST_FILE = YES;
				MARKETING_VERSION = 1.0;
				PRODUCT_BUNDLE_IDENTIFIER = com.jaeHyeonLim9298.NewsAppUITests;
				PRODUCT_NAME = "$(TARGET_NAME)";
				SWIFT_EMIT_LOC_STRINGS = NO;
				SWIFT_VERSION = 5.0;
				TARGETED_DEVICE_FAMILY = "1,2";
				TEST_TARGET_NAME = NewsApp;
			};
			name = Release;
		};
/* End XCBuildConfiguration section */

/* Begin XCConfigurationList section */
		46FB0EF02A9CA5E300A09B69 /* Build configuration list for PBXProject "NewsApp" */ = {
			isa = XCConfigurationList;
			buildConfigurations = (
				46FB0F1D2A9CA5E400A09B69 /* Debug */,
				46FB0F1E2A9CA5E400A09B69 /* Release */,
			);
			defaultConfigurationIsVisible = 0;
			defaultConfigurationName = Release;
		};
		46FB0F1F2A9CA5E400A09B69 /* Build configuration list for PBXNativeTarget "NewsApp" */ = {
			isa = XCConfigurationList;
			buildConfigurations = (
				46FB0F202A9CA5E400A09B69 /* Debug */,
				46FB0F212A9CA5E400A09B69 /* Release */,
			);
			defaultConfigurationIsVisible = 0;
			defaultConfigurationName = Release;
		};
		46FB0F222A9CA5E400A09B69 /* Build configuration list for PBXNativeTarget "NewsAppTests" */ = {
			isa = XCConfigurationList;
			buildConfigurations = (
				46FB0F232A9CA5E400A09B69 /* Debug */,
				46FB0F242A9CA5E400A09B69 /* Release */,
			);
			defaultConfigurationIsVisible = 0;
			defaultConfigurationName = Release;
		};
		46FB0F252A9CA5E400A09B69 /* Build configuration list for PBXNativeTarget "NewsAppUITests" */ = {
			isa = XCConfigurationList;
			buildConfigurations = (
				46FB0F262A9CA5E400A09B69 /* Debug */,
				46FB0F272A9CA5E400A09B69 /* Release */,
			);
			defaultConfigurationIsVisible = 0;
			defaultConfigurationName = Release;
		};
/* End XCConfigurationList section */

/* Begin XCRemoteSwiftPackageReference section */
		46FB0F282A9CA62200A09B69 /* XCRemoteSwiftPackageReference "SnapKit" */ = {
			isa = XCRemoteSwiftPackageReference;
			repositoryURL = "https://github.com/SnapKit/SnapKit.git";
			requirement = {
				kind = upToNextMajorVersion;
				minimumVersion = 5.0.0;
			};
		};
		46FB0F2B2A9CA63D00A09B69 /* XCRemoteSwiftPackageReference "Alamofire" */ = {
			isa = XCRemoteSwiftPackageReference;
			repositoryURL = "https://github.com/Alamofire/Alamofire.git";
			requirement = {
				kind = upToNextMajorVersion;
				minimumVersion = 5.0.0;
			};
		};
/* End XCRemoteSwiftPackageReference section */

/* Begin XCSwiftPackageProductDependency section */
		46FB0F292A9CA62200A09B69 /* SnapKit */ = {
			isa = XCSwiftPackageProductDependency;
			package = 46FB0F282A9CA62200A09B69 /* XCRemoteSwiftPackageReference "SnapKit" */;
			productName = SnapKit;
		};
		46FB0F2C2A9CA63D00A09B69 /* Alamofire */ = {
			isa = XCSwiftPackageProductDependency;
			package = 46FB0F2B2A9CA63D00A09B69 /* XCRemoteSwiftPackageReference "Alamofire" */;
			productName = Alamofire;
		};
/* End XCSwiftPackageProductDependency section */
	};
	rootObject = 46FB0EED2A9CA5E300A09B69 /* Project object */;
}
